
Microsoft Visual Studio Solution File, Format Version 12.00
# Visual Studio 15
VisualStudioVersion = 15.0.28010.2046
MinimumVisualStudioVersion = 10.0.40219.1
Project("{FAE04EC0-301F-11D3-BF4B-00C04F79EFBC}") = "Lab6.2", "Lab6.2\Lab6.2.csproj", "{3F75E902-B8C0-4F14-A490-189FA5F126A2}"
EndProject
Global
	GlobalSection(SolutionConfigurationPlatforms) = preSolution
		Debug|Any CPU = Debug|Any CPU
		Release|Any CPU = Release|Any CPU
	EndGlobalSection
	GlobalSection(ProjectConfigurationPlatforms) = postSolution
		{3F75E902-B8C0-4F14-A490-189FA5F126A2}.Debug|Any CPU.ActiveCfg = Debug|Any CPU
		{3F75E902-B8C0-4F14-A490-189FA5F126A2}.Debug|Any CPU.Build.0 = Debug|Any CPU
		{3F75E902-B8C0-4F14-A490-189FA5F126A2}.Release|Any CPU.ActiveCfg = Release|Any CPU
		{3F75E902-B8C0-4F14-A490-189FA5F126A2}.Release|Any CPU.Build.0 = Release|Any CPU
	EndGlobalSection
	GlobalSection(SolutionProperties) = preSolution
		HideSolutionNode = FALSE
	EndGlobalSection
	GlobalSection(ExtensibilityGlobals) = postSolution
		SolutionGuid = {C8344D25-A3D0-46A6-993E-275BA5FF2333}
	EndGlobalSection
EndGlobal
